Microsoft Visual Studio Solution File, Format Version 12.00
# Visual Studio Version 16
VisualStudioVersion = 16.0.30804.86
MinimumVisualStudioVersion = 10.0.40219.1
Project("{FAE04EC0-301F-11D3-BF4B-00C04F79EFBC}") = "RE6SaveEditor", "RE6SaveEditor\RE6SaveEditor.csproj", "{EC3FC830-11C9-4505-A08D-359C7B86E4D5}"
EndProject
Global
	GlobalSection(SolutionConfigurationPlatforms) = preSolution
		Debug|Any CPU = Debug|Any CPU
		Release|Any CPU = Release|Any CPU
	EndGlobalSection
	GlobalSection(ProjectConfigurationPlatforms) = postSolution
		{EC3FC830-11C9-4505-A08D-359C7B86E4D5}.Debug|Any CPU.ActiveCfg = Debug|Any CPU
		{EC3FC830-11C9-4505-A08D-359C7B86E4D5}.Debug|Any CPU.Build.0 = Debug|Any CPU
		{EC3FC830-11C9-4505-A08D-359C7B86E4D5}.Release|Any CPU.ActiveCfg = Release|Any CPU
		{EC3FC830-11C9-4505-A08D-359C7B86E4D5}.Release|Any CPU.Build.0 = Release|Any CPU
	EndGlobalSection
	GlobalSection(SolutionProperties) = preSolution
		HideSolutionNode = FALSE
	EndGlobalSection
	GlobalSection(ExtensibilityGlobals) = postSolution
		SolutionGuid = {1755B036-CA6E-456F-A1E9-60F52A643EFD}
	EndGlobalSection
EndGlobal
